
Microsoft Visual Studio Solution File, Format Version 12.00
# Visual Studio Version 17
VisualStudioVersion = 17.3.32901.215
MinimumVisualStudioVersion = 10.0.40219.1
Project("{FAE04EC0-301F-11D3-BF4B-00C04F79EFBC}") = "Renk-değiştirme", "Renk-değiştirme\Renk-değiştirme.csproj", "{4A849848-E02C-468D-A139-5919B5D0F783}"
EndProject
Global
	GlobalSection(SolutionConfigurationPlatforms) = preSolution
		Debug|Any CPU = Debug|Any CPU
		Release|Any CPU = Release|Any CPU
	EndGlobalSection
	GlobalSection(ProjectConfigurationPlatforms) = postSolution
		{4A849848-E02C-468D-A139-5919B5D0F783}.Debug|Any CPU.ActiveCfg = Debug|Any CPU
		{4A849848-E02C-468D-A139-5919B5D0F783}.Debug|Any CPU.Build.0 = Debug|Any CPU
		{4A849848-E02C-468D-A139-5919B5D0F783}.Release|Any CPU.ActiveCfg = Release|Any CPU
		{4A849848-E02C-468D-A139-5919B5D0F783}.Release|Any CPU.Build.0 = Release|Any CPU
	EndGlobalSection
	GlobalSection(SolutionProperties) = preSolution
		HideSolutionNode = FALSE
	EndGlobalSection
	GlobalSection(ExtensibilityGlobals) = postSolution
		SolutionGuid = {8709113D-C82E-4538-9EDE-17C77FC39C94}
	EndGlobalSection
EndGlobal
